// !$*UTF8*$!
{
	archiveVersion = 1;
	classes = {
	};
	objectVersion = 46;
	objects = {

/* Begin PBXBuildFile section */
		5D52DBE91776C6BF008C4D65 /* UIKit.framework in Frameworks */ = {isa = PBXBuildFile; fileRef = 5D52DBE81776C6BF008C4D65 /* UIKit.framework */; };
		5D52DBEB1776C6BF008C4D65 /* Foundation.framework in Frameworks */ = {isa = PBXBuildFile; fileRef = 5D52DBEA1776C6BF008C4D65 /* Foundation.framework */; };
		5D52DBED1776C6BF008C4D65 /* CoreGraphics.framework in Frameworks */ = {isa = PBXBuildFile; fileRef = 5D52DBEC1776C6BF008C4D65 /* CoreGraphics.framework */; };
		5D52DBF31776C6BF008C4D65 /* InfoPlist.strings in Resources */ = {isa = PBXBuildFile; fileRef = 5D52DBF11776C6BF008C4D65 /* InfoPlist.strings */; };
		5D52DBF51776C6BF008C4D65 /* main.m in Sources */ = {isa = PBXBuildFile; fileRef = 5D52DBF41776C6BF008C4D65 /* main.m */; };
		5D52DBF91776C6BF008C4D65 /* SuperCardAppDelegate.m in Sources */ = {isa = PBXBuildFile; fileRef = 5D52DBF81776C6BF008C4D65 /* SuperCardAppDelegate.m */; };
		5D52DBFB1776C6BF008C4D65 /* Default.png in Resources */ = {isa = PBXBuildFile; fileRef = 5D52DBFA1776C6BF008C4D65 /* Default.png */; };
		5D52DBFD1776C6BF008C4D65 /* Default@2x.png in Resources */ = {isa = PBXBuildFile; fileRef = 5D52DBFC1776C6BF008C4D65 /* Default@2x.png */; };
		5D52DBFF1776C6BF008C4D65 /* Default-568h@2x.png in Resources */ = {isa = PBXBuildFile; fileRef = 5D52DBFE1776C6BF008C4D65 /* Default-568h@2x.png */; };
		5D52DC021776C6BF008C4D65 /* MainStoryboard.storyboard in Resources */ = {isa = PBXBuildFile; fileRef = 5D52DC001776C6BF008C4D65 /* MainStoryboard.storyboard */; };
		5D52DC051776C6BF008C4D65 /* SuperCardViewController.m in Sources */ = {isa = PBXBuildFile; fileRef = 5D52DC041776C6BF008C4D65 /* SuperCardViewController.m */; };
		5D52DC0D1776C732008C4D65 /* PlayingCardView.m in Sources */ = {isa = PBXBuildFile; fileRef = 5D52DC0C1776C732008C4D65 /* PlayingCardView.m */; };
		5D78D3631779D8F9006D2BD5 /* Card.m in Sources */ = {isa = PBXBuildFile; fileRef = 5D78D35C1779D8F9006D2BD5 /* Card.m */; };
		5D78D3641779D8F9006D2BD5 /* Deck.m in Sources */ = {isa = PBXBuildFile; fileRef = 5D78D35E1779D8F9006D2BD5 /* Deck.m */; };
		5D78D3651779D8F9006D2BD5 /* PlayingCard.m in Sources */ = {isa = PBXBuildFile; fileRef = 5D78D3601779D8F9006D2BD5 /* PlayingCard.m */; };
		5D78D3661779D8F9006D2BD5 /* PlayingCardDeck.m in Sources */ = {isa = PBXBuildFile; fileRef = 5D78D3621779D8F9006D2BD5 /* PlayingCardDeck.m */; };
		5D8740C31778908E00B1A55E /* cardback.png in Resources */ = {isa = PBXBuildFile; fileRef = 5D8740AA1778908E00B1A55E /* cardback.png */; };
		5D8740C41778908E00B1A55E /* J♠.jpg in Resources */ = {isa = PBXBuildFile; fileRef = 5D8740AB1778908E00B1A55E /* J♠.jpg */; };
		5D8740C51778908E00B1A55E /* J♠@2x.jpg in Resources */ = {isa = PBXBuildFile; fileRef = 5D8740AC1778908E00B1A55E /* J♠@2x.jpg */; };
		5D8740C61778908E00B1A55E /* J♣.jpg in Resources */ = {isa = PBXBuildFile; fileRef = 5D8740AD1778908E00B1A55E /* J♣.jpg */; };
		5D8740C71778908E00B1A55E /* J♣@2x.jpg in Resources */ = {isa = PBXBuildFile; fileRef = 5D8740AE1778908E00B1A55E /* J♣@2x.jpg */; };
		5D8740C81778908E00B1A55E /* J♥.jpg in Resources */ = {isa = PBXBuildFile; fileRef = 5D8740AF1778908E00B1A55E /* J♥.jpg */; };
		5D8740C91778908E00B1A55E /* J♥@2x.jpg in Resources */ = {isa = PBXBuildFile; fileRef = 5D8740B01778908E00B1A55E /* J♥@2x.jpg */; };
		5D8740CA1778908E00B1A55E /* J♦.jpg in Resources */ = {isa = PBXBuildFile; fileRef = 5D8740B11778908E00B1A55E /* J♦.jpg */; };
		5D8740CB1778908E00B1A55E /* J♦@2x.jpg in Resources */ = {isa = PBXBuildFile; fileRef = 5D8740B21778908E00B1A55E /* J♦@2x.jpg */; };
		5D8740CC1778908E00B1A55E /* K♠.jpg in Resources */ = {isa = PBXBuildFile; fileRef = 5D8740B31778908E00B1A55E /* K♠.jpg */; };
		5D8740CD1778908E00B1A55E /* K♠@2x.jpg in Resources */ = {isa = PBXBuildFile; fileRef = 5D8740B41778908E00B1A55E /* K♠@2x.jpg */; };
		5D8740CE1778908E00B1A55E /* K♣.jpg in Resources */ = {isa = PBXBuildFile; fileRef = 5D8740B51778908E00B1A55E /* K♣.jpg */; };
		5D8740CF1778908E00B1A55E /* K♣@2x.jpg in Resources */ = {isa = PBXBuildFile; fileRef = 5D8740B61778908E00B1A55E /* K♣@2x.jpg */; };
		5D8740D01778908E00B1A55E /* K♥.jpg in Resources */ = {isa = PBXBuildFile; fileRef = 5D8740B71778908E00B1A55E /* K♥.jpg */; };
		5D8740D11778908E00B1A55E /* K♥@2x.jpg in Resources */ = {isa = PBXBuildFile; fileRef = 5D8740B81778908E00B1A55E /* K♥@2x.jpg */; };
		5D8740D21778908E00B1A55E /* K♦.jpg in Resources */ = {isa = PBXBuildFile; fileRef = 5D8740B91778908E00B1A55E /* K♦.jpg */; };
		5D8740D31778908E00B1A55E /* K♦@2x.jpg in Resources */ = {isa = PBXBuildFile; fileRef = 5D8740BA1778908E00B1A55E /* K♦@2x.jpg */; };
		5D8740D41778908E00B1A55E /* Q♠.jpg in Resources */ = {isa = PBXBuildFile; fileRef = 5D8740BB1778908E00B1A55E /* Q♠.jpg */; };
		5D8740D51778908E00B1A55E /* Q♠@2x.jpg in Resources */ = {isa = PBXBuildFile; fileRef = 5D8740BC1778908E00B1A55E /* Q♠@2x.jpg */; };
		5D8740D61778908E00B1A55E /* Q♣.jpg in Resources */ = {isa = PBXBuildFile; fileRef = 5D8740BD1778908E00B1A55E /* Q♣.jpg */; };
		5D8740D71778908E00B1A55E /* Q♣@2x.jpg in Resources */ = {isa = PBXBuildFile; fileRef = 5D8740BE1778908E00B1A55E /* Q♣@2x.jpg */; };
		5D8740D81778908E00B1A55E /* Q♥.jpg in Resources */ = {isa = PBXBuildFile; fileRef = 5D8740BF1778908E00B1A55E /* Q♥.jpg */; };
		5D8740D91778908E00B1A55E /* Q♥@2x.jpg in Resources */ = {isa = PBXBuildFile; fileRef = 5D8740C01778908E00B1A55E /* Q♥@2x.jpg */; };
		5D8740DA1778908E00B1A55E /* Q♦.jpg in Resources */ = {isa = PBXBuildFile; fileRef = 5D8740C11778908E00B1A55E /* Q♦.jpg */; };
		5D8740DB1778908E00B1A55E /* Q♦@2x.jpg in Resources */ = {isa = PBXBuildFile; fileRef = 5D8740C21778908E00B1A55E /* Q♦@2x.jpg */; };
/* End PBXBuildFile section */

/* Begin PBXFileReference section */
		5D52DBE51776C6BF008C4D65 /* SuperCardRZL.app */ = {isa = PBXFileReference; explicitFileType = wrapper.application; includeInIndex = 0; path = SuperCardRZL.app; sourceTree = BUILT_PRODUCTS_DIR; };
		5D52DBE81776C6BF008C4D65 /* UIKit.framework */ = {isa = PBXFileReference; lastKnownFileType = wrapper.framework; name = UIKit.framework; path = System/Library/Frameworks/UIKit.framework; sourceTree = SDKROOT; };
		5D52DBEA1776C6BF008C4D65 /* Foundation.framework */ = {isa = PBXFileReference; lastKnownFileType = wrapper.framework; name = Foundation.framework; path = System/Library/Frameworks/Foundation.framework; sourceTree = SDKROOT; };
		5D52DBEC1776C6BF008C4D65 /* CoreGraphics.framework */ = {isa = PBXFileReference; lastKnownFileType = wrapper.framework; name = CoreGraphics.framework; path = System/Library/Frameworks/CoreGraphics.framework; sourceTree = SDKROOT; };
		5D52DBF01776C6BF008C4D65 /* SuperCardRZL-Info.plist */ = {isa = PBXFileReference; lastKnownFileType = text.plist.xml; path = "SuperCardRZL-Info.plist"; sourceTree = "<group>"; };
		5D52DBF21776C6BF008C4D65 /* en */ = {isa = PBXFileReference; lastKnownFileType = text.plist.strings; name = en; path = en.lproj/InfoPlist.strings; sourceTree = "<group>"; };
		5D52DBF41776C6BF008C4D65 /* main.m */ = {isa = PBXFileReference; lastKnownFileType = sourcecode.c.objc; path = main.m; sourceTree = "<group>"; };
		5D52DBF61776C6BF008C4D65 /* SuperCardRZL-Prefix.pch */ = {isa = PBXFileReference; lastKnownFileType = sourcecode.c.h; path = "SuperCardRZL-Prefix.pch"; sourceTree = "<group>"; };
		5D52DBF71776C6BF008C4D65 /* SuperCardAppDelegate.h */ = {isa = PBXFileReference; lastKnownFileType = sourcecode.c.h; path = SuperCardAppDelegate.h; sourceTree = "<group>"; };
		5D52DBF81776C6BF008C4D65 /* SuperCardAppDelegate.m */ = {isa = PBXFileReference; lastKnownFileType = sourcecode.c.objc; path = SuperCardAppDelegate.m; sourceTree = "<group>"; };
		5D52DBFA1776C6BF008C4D65 /* Default.png */ = {isa = PBXFileReference; lastKnownFileType = image.png; path = Default.png; sourceTree = "<group>"; };
		5D52DBFC1776C6BF008C4D65 /* Default@2x.png */ = {isa = PBXFileReference; lastKnownFileType = image.png; path = "Default@2x.png"; sourceTree = "<group>"; };
		5D52DBFE1776C6BF008C4D65 /* Default-568h@2x.png */ = {isa = PBXFileReference; lastKnownFileType = image.png; path = "Default-568h@2x.png"; sourceTree = "<group>"; };
		5D52DC011776C6BF008C4D65 /* en */ = {isa = PBXFileReference; lastKnownFileType = file.storyboard; name = en; path = en.lproj/MainStoryboard.storyboard; sourceTree = "<group>"; };
		5D52DC031776C6BF008C4D65 /* SuperCardViewController.h */ = {isa = PBXFileReference; lastKnownFileType = sourcecode.c.h; path = SuperCardViewController.h; sourceTree = "<group>"; };
		5D52DC041776C6BF008C4D65 /* SuperCardViewController.m */ = {isa = PBXFileReference; lastKnownFileType = sourcecode.c.objc; path = SuperCardViewController.m; sourceTree = "<group>"; };
		5D52DC0B1776C732008C4D65 /* PlayingCardView.h */ = {isa = PBXFileReference; fileEncoding = 4; lastKnownFileType = sourcecode.c.h; path = PlayingCardView.h; sourceTree = "<group>"; };
		5D52DC0C1776C732008C4D65 /* PlayingCardView.m */ = {isa = PBXFileReference; fileEncoding = 4; lastKnownFileType = sourcecode.c.objc; path = PlayingCardView.m; sourceTree = "<group>"; };
		5D78D35B1779D8F9006D2BD5 /* Card.h */ = {isa = PBXFileReference; fileEncoding = 4; lastKnownFileType = sourcecode.c.h; path = Card.h; sourceTree = "<group>"; };
		5D78D35C1779D8F9006D2BD5 /* Card.m */ = {isa = PBXFileReference; fileEncoding = 4; lastKnownFileType = sourcecode.c.objc; path = Card.m; sourceTree = "<group>"; };
		5D78D35D1779D8F9006D2BD5 /* Deck.h */ = {isa = PBXFileReference; fileEncoding = 4; lastKnownFileType = sourcecode.c.h; path = Deck.h; sourceTree = "<group>"; };
		5D78D35E1779D8F9006D2BD5 /* Deck.m */ = {isa = PBXFileReference; fileEncoding = 4; lastKnownFileType = sourcecode.c.objc; path = Deck.m; sourceTree = "<group>"; };
		5D78D35F1779D8F9006D2BD5 /* PlayingCard.h */ = {isa = PBXFileReference; fileEncoding = 4; lastKnownFileType = sourcecode.c.h; path = PlayingCard.h; sourceTree = "<group>"; };
		5D78D3601779D8F9006D2BD5 /* PlayingCard.m */ = {isa = PBXFileReference; fileEncoding = 4; lastKnownFileType = sourcecode.c.objc; path = PlayingCard.m; sourceTree = "<group>"; };
		5D78D3611779D8F9006D2BD5 /* PlayingCardDeck.h */ = {isa = PBXFileReference; fileEncoding = 4; lastKnownFileType = sourcecode.c.h; path = PlayingCardDeck.h; sourceTree = "<group>"; };
		5D78D3621779D8F9006D2BD5 /* PlayingCardDeck.m */ = {isa = PBXFileReference; fileEncoding = 4; lastKnownFileType = sourcecode.c.objc; path = PlayingCardDeck.m; sourceTree = "<group>"; };
		5D8740AA1778908E00B1A55E /* cardback.png */ = {isa = PBXFileReference; lastKnownFileType = image.png; path = cardback.png; sourceTree = "<group>"; };
		5D8740AB1778908E00B1A55E /* J♠.jpg */ = {isa = PBXFileReference; lastKnownFileType = image.jpeg; path = "J♠.jpg"; sourceTree = "<group>"; };
		5D8740AC1778908E00B1A55E /* J♠@2x.jpg */ = {isa = PBXFileReference; lastKnownFileType = image.jpeg; path = "J♠@2x.jpg"; sourceTree = "<group>"; };
		5D8740AD1778908E00B1A55E /* J♣.jpg */ = {isa = PBXFileReference; lastKnownFileType = image.jpeg; path = "J♣.jpg"; sourceTree = "<group>"; };
		5D8740AE1778908E00B1A55E /* J♣@2x.jpg */ = {isa = PBXFileReference; lastKnownFileType = image.jpeg; path = "J♣@2x.jpg"; sourceTree = "<group>"; };
		5D8740AF1778908E00B1A55E /* J♥.jpg */ = {isa = PBXFileReference; lastKnownFileType = image.jpeg; path = "J♥.jpg"; sourceTree = "<group>"; };
		5D8740B01778908E00B1A55E /* J♥@2x.jpg */ = {isa = PBXFileReference; lastKnownFileType = image.jpeg; path = "J♥@2x.jpg"; sourceTree = "<group>"; };
		5D8740B11778908E00B1A55E /* J♦.jpg */ = {isa = PBXFileReference; lastKnownFileType = image.jpeg; path = "J♦.jpg"; sourceTree = "<group>"; };
		5D8740B21778908E00B1A55E /* J♦@2x.jpg */ = {isa = PBXFileReference; lastKnownFileType = image.jpeg; path = "J♦@2x.jpg"; sourceTree = "<group>"; };
		5D8740B31778908E00B1A55E /* K♠.jpg */ = {isa = PBXFileReference; lastKnownFileType = image.jpeg; path = "K♠.jpg"; sourceTree = "<group>"; };
		5D8740B41778908E00B1A55E /* K♠@2x.jpg */ = {isa = PBXFileReference; lastKnownFileType = image.jpeg; path = "K♠@2x.jpg"; sourceTree = "<group>"; };
		5D8740B51778908E00B1A55E /* K♣.jpg */ = {isa = PBXFileReference; lastKnownFileType = image.jpeg; path = "K♣.jpg"; sourceTree = "<group>"; };
		5D8740B61778908E00B1A55E /* K♣@2x.jpg */ = {isa = PBXFileReference; lastKnownFileType = image.jpeg; path = "K♣@2x.jpg"; sourceTree = "<group>"; };
		5D8740B71778908E00B1A55E /* K♥.jpg */ = {isa = PBXFileReference; lastKnownFileType = image.jpeg; path = "K♥.jpg"; sourceTree = "<group>"; };
		5D8740B81778908E00B1A55E /* K♥@2x.jpg */ = {isa = PBXFileReference; lastKnownFileType = image.jpeg; path = "K♥@2x.jpg"; sourceTree = "<group>"; };
		5D8740B91778908E00B1A55E /* K♦.jpg */ = {isa = PBXFileReference; lastKnownFileType = image.jpeg; path = "K♦.jpg"; sourceTree = "<group>"; };
		5D8740BA1778908E00B1A55E /* K♦@2x.jpg */ = {isa = PBXFileReference; lastKnownFileType = image.jpeg; path = "K♦@2x.jpg"; sourceTree = "<group>"; };
		5D8740BB1778908E00B1A55E /* Q♠.jpg */ = {isa = PBXFileReference; lastKnownFileType = image.jpeg; path = "Q♠.jpg"; sourceTree = "<group>"; };
		5D8740BC1778908E00B1A55E /* Q♠@2x.jpg */ = {isa = PBXFileReference; lastKnownFileType = image.jpeg; path = "Q♠@2x.jpg"; sourceTree = "<group>"; };
		5D8740BD1778908E00B1A55E /* Q♣.jpg */ = {isa = PBXFileReference; lastKnownFileType = image.jpeg; path = "Q♣.jpg"; sourceTree = "<group>"; };
		5D8740BE1778908E00B1A55E /* Q♣@2x.jpg */ = {isa = PBXFileReference; lastKnownFileType = image.jpeg; path = "Q♣@2x.jpg"; sourceTree = "<group>"; };
		5D8740BF1778908E00B1A55E /* Q♥.jpg */ = {isa = PBXFileReference; lastKnownFileType = image.jpeg; path = "Q♥.jpg"; sourceTree = "<group>"; };
		5D8740C01778908E00B1A55E /* Q♥@2x.jpg */ = {isa = PBXFileReference; lastKnownFileType = image.jpeg; path = "Q♥@2x.jpg"; sourceTree = "<group>"; };
		5D8740C11778908E00B1A55E /* Q♦.jpg */ = {isa = PBXFileReference; lastKnownFileType = image.jpeg; path = "Q♦.jpg"; sourceTree = "<group>"; };
		5D8740C21778908E00B1A55E /* Q♦@2x.jpg */ = {isa = PBXFileReference; lastKnownFileType = image.jpeg; path = "Q♦@2x.jpg"; sourceTree = "<group>"; };
/* End PBXFileReference section */

/* Begin PBXFrameworksBuildPhase section */
		5D52DBE21776C6BF008C4D65 /* Frameworks */ = {
			isa = PBXFrameworksBuildPhase;
			buildActionMask = 2147483647;
			files = (
				5D52DBE91776C6BF008C4D65 /* UIKit.framework in Frameworks */,
				5D52DBEB1776C6BF008C4D65 /* Foundation.framework in Frameworks */,
				5D52DBED1776C6BF008C4D65 /* CoreGraphics.framework in Frameworks */,
			);
			runOnlyForDeploymentPostprocessing = 0;
		};
/* End PBXFrameworksBuildPhase section */

/* Begin PBXGroup section */
		5D52DBDC1776C6BF008C4D65 = {
			isa = PBXGroup;
			children = (
				5D52DBEE1776C6BF008C4D65 /* SuperCardRZL */,
				5D52DBE71776C6BF008C4D65 /* Frameworks */,
				5D52DBE61776C6BF008C4D65 /* Products */,
			);
			sourceTree = "<group>";
		};
		5D52DBE61776C6BF008C4D65 /* Products */ = {
			isa = PBXGroup;
			children = (
				5D52DBE51776C6BF008C4D65 /* SuperCardRZL.app */,
			);
			name = Products;
			sourceTree = "<group>";
		};
		5D52DBE71776C6BF008C4D65 /* Frameworks */ = {
			isa = PBXGroup;
			children = (
				5D52DBE81776C6BF008C4D65 /* UIKit.framework */,
				5D52DBEA1776C6BF008C4D65 /* Foundation.framework */,
				5D52DBEC1776C6BF008C4D65 /* CoreGraphics.framework */,
			);
			name = Frameworks;
			sourceTree = "<group>";
		};
		5D52DBEE1776C6BF008C4D65 /* SuperCardRZL */ = {
			isa = PBXGroup;
			children = (
				5D78D35A1779D8F9006D2BD5 /* Card Model */,
				5D52DC0B1776C732008C4D65 /* PlayingCardView.h */,
				5D52DC0C1776C732008C4D65 /* PlayingCardView.m */,
				5D52DBF71776C6BF008C4D65 /* SuperCardAppDelegate.h */,
				5D52DBF81776C6BF008C4D65 /* SuperCardAppDelegate.m */,
				5D52DC001776C6BF008C4D65 /* MainStoryboard.storyboard */,
				5D52DC031776C6BF008C4D65 /* SuperCardViewController.h */,
				5D52DC041776C6BF008C4D65 /* SuperCardViewController.m */,
				5D52DBEF1776C6BF008C4D65 /* Supporting Files */,
			);
			path = SuperCardRZL;
			sourceTree = "<group>";
		};
		5D52DBEF1776C6BF008C4D65 /* Supporting Files */ = {
			isa = PBXGroup;
			children = (
				5D8740A91778908E00B1A55E /* Face Card Images */,
				5D52DBF01776C6BF008C4D65 /* SuperCardRZL-Info.plist */,
				5D52DBF11776C6BF008C4D65 /* InfoPlist.strings */,
				5D52DBF41776C6BF008C4D65 /* main.m */,
				5D52DBF61776C6BF008C4D65 /* SuperCardRZL-Prefix.pch */,
				5D52DBFA1776C6BF008C4D65 /* Default.png */,
				5D52DBFC1776C6BF008C4D65 /* Default@2x.png */,
				5D52DBFE1776C6BF008C4D65 /* Default-568h@2x.png */,
			);
			name = "Supporting Files";
			sourceTree = "<group>";
		};
		5D78D35A1779D8F9006D2BD5 /* Card Model */ = {
			isa = PBXGroup;
			children = (
				5D78D35B1779D8F9006D2BD5 /* Card.h */,
				5D78D35C1779D8F9006D2BD5 /* Card.m */,
				5D78D35D1779D8F9006D2BD5 /* Deck.h */,
				5D78D35E1779D8F9006D2BD5 /* Deck.m */,
				5D78D35F1779D8F9006D2BD5 /* PlayingCard.h */,
				5D78D3601779D8F9006D2BD5 /* PlayingCard.m */,
				5D78D3611779D8F9006D2BD5 /* PlayingCardDeck.h */,
				5D78D3621779D8F9006D2BD5 /* PlayingCardDeck.m */,
			);
			path = "Card Model";
			sourceTree = "<group>";
		};
		5D8740A91778908E00B1A55E /* Face Card Images */ = {
			isa = PBXGroup;
			children = (
				5D8740AA1778908E00B1A55E /* cardback.png */,
				5D8740AB1778908E00B1A55E /* J♠.jpg */,
				5D8740AC1778908E00B1A55E /* J♠@2x.jpg */,
				5D8740AD1778908E00B1A55E /* J♣.jpg */,
				5D8740AE1778908E00B1A55E /* J♣@2x.jpg */,
				5D8740AF1778908E00B1A55E /* J♥.jpg */,
				5D8740B01778908E00B1A55E /* J♥@2x.jpg */,
				5D8740B11778908E00B1A55E /* J♦.jpg */,
				5D8740B21778908E00B1A55E /* J♦@2x.jpg */,
				5D8740B31778908E00B1A55E /* K♠.jpg */,
				5D8740B41778908E00B1A55E /* K♠@2x.jpg */,
				5D8740B51778908E00B1A55E /* K♣.jpg */,
				5D8740B61778908E00B1A55E /* K♣@2x.jpg */,
				5D8740B71778908E00B1A55E /* K♥.jpg */,
				5D8740B81778908E00B1A55E /* K♥@2x.jpg */,
				5D8740B91778908E00B1A55E /* K♦.jpg */,
				5D8740BA1778908E00B1A55E /* K♦@2x.jpg */,
				5D8740BB1778908E00B1A55E /* Q♠.jpg */,
				5D8740BC1778908E00B1A55E /* Q♠@2x.jpg */,
				5D8740BD1778908E00B1A55E /* Q♣.jpg */,
				5D8740BE1778908E00B1A55E /* Q♣@2x.jpg */,
				5D8740BF1778908E00B1A55E /* Q♥.jpg */,
				5D8740C01778908E00B1A55E /* Q♥@2x.jpg */,
				5D8740C11778908E00B1A55E /* Q♦.jpg */,
				5D8740C21778908E00B1A55E /* Q♦@2x.jpg */,
			);
			path = "Face Card Images";
			sourceTree = "<group>";
		};
/* End PBXGroup section */

/* Begin PBXNativeTarget section */
		5D52DBE41776C6BF008C4D65 /* SuperCardRZL */ = {
			isa = PBXNativeTarget;
			buildConfigurationList = 5D52DC081776C6BF008C4D65 /* Build configuration list for PBXNativeTarget "SuperCardRZL" */;
			buildPhases = (
				5D52DBE11776C6BF008C4D65 /* Sources */,
				5D52DBE21776C6BF008C4D65 /* Frameworks */,
				5D52DBE31776C6BF008C4D65 /* Resources */,
			);
			buildRules = (
			);
			dependencies = (
			);
			name = SuperCardRZL;
			productName = SuperCardRZL;
			productReference = 5D52DBE51776C6BF008C4D65 /* SuperCardRZL.app */;
			productType = "com.apple.product-type.application";
		};
/* End PBXNativeTarget section */

/* Begin PBXProject section */
		5D52DBDD1776C6BF008C4D65 /* Project object */ = {
			isa = PBXProject;
			attributes = {
				CLASSPREFIX = SuperCard;
				LastUpgradeCheck = 0460;
				ORGANIZATIONNAME = Richard;
			};
			buildConfigurationList = 5D52DBE01776C6BF008C4D65 /* Build configuration list for PBXProject "SuperCardRZL" */;
			compatibilityVersion = "Xcode 3.2";
			developmentRegion = English;
			hasScannedForEncodings = 0;
			knownRegions = (
				en,
			);
			mainGroup = 5D52DBDC1776C6BF008C4D65;
			productRefGroup = 5D52DBE61776C6BF008C4D65 /* Products */;
			projectDirPath = "";
			projectRoot = "";
			targets = (
				5D52DBE41776C6BF008C4D65 /* SuperCardRZL */,
			);
		};
/* End PBXProject section */

/* Begin PBXResourcesBuildPhase section */
		5D52DBE31776C6BF008C4D65 /* Resources */ = {
			isa = PBXResourcesBuildPhase;
			buildActionMask = 2147483647;
			files = (
				5D52DBF31776C6BF008C4D65 /* InfoPlist.strings in Resources */,
				5D52DBFB1776C6BF008C4D65 /* Default.png in Resources */,
				5D52DBFD1776C6BF008C4D65 /* Default@2x.png in Resources */,
				5D52DBFF1776C6BF008C4D65 /* Default-568h@2x.png in Resources */,
				5D52DC021776C6BF008C4D65 /* MainStoryboard.storyboard in Resources */,
				5D8740C31778908E00B1A55E /* cardback.png in Resources */,
				5D8740C41778908E00B1A55E /* J♠.jpg in Resources */,
				5D8740C51778908E00B1A55E /* J♠@2x.jpg in Resources */,
				5D8740C61778908E00B1A55E /* J♣.jpg in Resources */,
				5D8740C71778908E00B1A55E /* J♣@2x.jpg in Resources */,
				5D8740C81778908E00B1A55E /* J♥.jpg in Resources */,
				5D8740C91778908E00B1A55E /* J♥@2x.jpg in Resources */,
				5D8740CA1778908E00B1A55E /* J♦.jpg in Resources */,
				5D8740CB1778908E00B1A55E /* J♦@2x.jpg in Resources */,
				5D8740CC1778908E00B1A55E /* K♠.jpg in Resources */,
				5D8740CD1778908E00B1A55E /* K♠@2x.jpg in Resources */,
				5D8740CE1778908E00B1A55E /* K♣.jpg in Resources */,
				5D8740CF1778908E00B1A55E /* K♣@2x.jpg in Resources */,
				5D8740D01778908E00B1A55E /* K♥.jpg in Resources */,
				5D8740D11778908E00B1A55E /* K♥@2x.jpg in Resources */,
				5D8740D21778908E00B1A55E /* K♦.jpg in Resources */,
				5D8740D31778908E00B1A55E /* K♦@2x.jpg in Resources */,
				5D8740D41778908E00B1A55E /* Q♠.jpg in Resources */,
				5D8740D51778908E00B1A55E /* Q♠@2x.jpg in Resources */,
				5D8740D61778908E00B1A55E /* Q♣.jpg in Resources */,
				5D8740D71778908E00B1A55E /* Q♣@2x.jpg in Resources */,
				5D8740D81778908E00B1A55E /* Q♥.jpg in Resources */,
				5D8740D91778908E00B1A55E /* Q♥@2x.jpg in Resources */,
				5D8740DA1778908E00B1A55E /* Q♦.jpg in Resources */,
				5D8740DB1778908E00B1A55E /* Q♦@2x.jpg in Resources */,
			);
			runOnlyForDeploymentPostprocessing = 0;
		};
/* End PBXResourcesBuildPhase section */

/* Begin PBXSourcesBuildPhase section */
		5D52DBE11776C6BF008C4D65 /* Sources */ = {
			isa = PBXSourcesBuildPhase;
			buildActionMask = 2147483647;
			files = (
				5D52DBF51776C6BF008C4D65 /* main.m in Sources */,
				5D52DBF91776C6BF008C4D65 /* SuperCardAppDelegate.m in Sources */,
				5D52DC051776C6BF008C4D65 /* SuperCardViewController.m in Sources */,
				5D52DC0D1776C732008C4D65 /* PlayingCardView.m in Sources */,
				5D78D3631779D8F9006D2BD5 /* Card.m in Sources */,
				5D78D3641779D8F9006D2BD5 /* Deck.m in Sources */,
				5D78D3651779D8F9006D2BD5 /* PlayingCard.m in Sources */,
				5D78D3661779D8F9006D2BD5 /* PlayingCardDeck.m in Sources */,
			);
			runOnlyForDeploymentPostprocessing = 0;
		};
/* End PBXSourcesBuildPhase section */

/* Begin PBXVariantGroup section */
		5D52DBF11776C6BF008C4D65 /* InfoPlist.strings */ = {
			isa = PBXVariantGroup;
			children = (
				5D52DBF21776C6BF008C4D65 /* en */,
			);
			name = InfoPlist.strings;
			sourceTree = "<group>";
		};
		5D52DC001776C6BF008C4D65 /* MainStoryboard.storyboard */ = {
			isa = PBXVariantGroup;
			children = (
				5D52DC011776C6BF008C4D65 /* en */,
			);
			name = MainStoryboard.storyboard;
			sourceTree = "<group>";
		};
/* End PBXVariantGroup section */

/* Begin XCBuildConfiguration section */
		5D52DC061776C6BF008C4D65 /* Debug */ = {
			isa = XCBuildConfiguration;
			buildSettings = {
				ALWAYS_SEARCH_USER_PATHS = NO;
				CLANG_CXX_LANGUAGE_STANDARD = "gnu++0x";
				CLANG_CXX_LIBRARY = "libc++";
				CLANG_ENABLE_OBJC_ARC = YES;
				CLANG_WARN_CONSTANT_CONVERSION = YES;
				CLANG_WARN_EMPTY_BODY = YES;
				CLANG_WARN_ENUM_CONVERSION = YES;
				CLANG_WARN_INT_CONVERSION = YES;
				CLANG_WARN__DUPLICATE_METHOD_MATCH = YES;
				"CODE_SIGN_IDENTITY[sdk=iphoneos*]" = "iPhone Developer";
				COPY_PHASE_STRIP = NO;
				GCC_C_LANGUAGE_STANDARD = gnu99;
				GCC_DYNAMIC_NO_PIC = NO;
				GCC_OPTIMIZATION_LEVEL = 0;
				GCC_PREPROCESSOR_DEFINITIONS = (
					"DEBUG=1",
					"$(inherited)",
				);
				GCC_SYMBOLS_PRIVATE_EXTERN = NO;
				GCC_WARN_ABOUT_RETURN_TYPE = YES;
				GCC_WARN_UNINITIALIZED_AUTOS = YES;
				GCC_WARN_UNUSED_VARIABLE = YES;
				IPHONEOS_DEPLOYMENT_TARGET = 6.1;
				ONLY_ACTIVE_ARCH = YES;
				SDKROOT = iphoneos;
			};
			name = Debug;
		};
		5D52DC071776C6BF008C4D65 /* Release */ = {
			isa = XCBuildConfiguration;
			buildSettings = {
				ALWAYS_SEARCH_USER_PATHS = NO;
				CLANG_CXX_LANGUAGE_STANDARD = "gnu++0x";
				CLANG_CXX_LIBRARY = "libc++";
				CLANG_ENABLE_OBJC_ARC = YES;
				CLANG_WARN_CONSTANT_CONVERSION = YES;
				CLANG_WARN_EMPTY_BODY = YES;
				CLANG_WARN_ENUM_CONVERSION = YES;
				CLANG_WARN_INT_CONVERSION = YES;
				CLANG_WARN__DUPLICATE_METHOD_MATCH = YES;
				"CODE_SIGN_IDENTITY[sdk=iphoneos*]" = "iPhone Developer";
				COPY_PHASE_STRIP = YES;
				GCC_C_LANGUAGE_STANDARD = gnu99;
				GCC_WARN_ABOUT_RETURN_TYPE = YES;
				GCC_WARN_UNINITIALIZED_AUTOS = YES;
				GCC_WARN_UNUSED_VARIABLE = YES;
				IPHONEOS_DEPLOYMENT_TARGET = 6.1;
				OTHER_CFLAGS = "-DNS_BLOCK_ASSERTIONS=1";
				SDKROOT = iphoneos;
				VALIDATE_PRODUCT = YES;
			};
			name = Release;
		};
		5D52DC091776C6BF008C4D65 /* Debug */ = {
			isa = XCBuildConfiguration;
			buildSettings = {
				GCC_PRECOMPILE_PREFIX_HEADER = YES;
				GCC_PREFIX_HEADER = "SuperCardRZL/SuperCardRZL-Prefix.pch";
				INFOPLIST_FILE = "SuperCardRZL/SuperCardRZL-Info.plist";
				PRODUCT_NAME = "$(TARGET_NAME)";
				WRAPPER_EXTENSION = app;
			};
			name = Debug;
		};
		5D52DC0A1776C6BF008C4D65 /* Release */ = {
			isa = XCBuildConfiguration;
			buildSettings = {
				GCC_PRECOMPILE_PREFIX_HEADER = YES;
				GCC_PREFIX_HEADER = "SuperCardRZL/SuperCardRZL-Prefix.pch";
				INFOPLIST_FILE = "SuperCardRZL/SuperCardRZL-Info.plist";
				PRODUCT_NAME = "$(TARGET_NAME)";
				WRAPPER_EXTENSION = app;
			};
			name = Release;
		};
/* End XCBuildConfiguration section */

/* Begin XCConfigurationList section */
		5D52DBE01776C6BF008C4D65 /* Build configuration list for PBXProject "SuperCardRZL" */ = {
			isa = XCConfigurationList;
			buildConfigurations = (
				5D52DC061776C6BF008C4D65 /* Debug */,
				5D52DC071776C6BF008C4D65 /* Release */,
			);
			defaultConfigurationIsVisible = 0;
			defaultConfigurationName = Release;
		};
		5D52DC081776C6BF008C4D65 /* Build configuration list for PBXNativeTarget "SuperCardRZL" */ = {
			isa = XCConfigurationList;
			buildConfigurations = (
				5D52DC091776C6BF008C4D65 /* Debug */,
				5D52DC0A1776C6BF008C4D65 /* Release */,
			);
			defaultConfigurationIsVisible = 0;
			defaultConfigurationName = Release;
		};
/* End XCConfigurationList section */
	};
	rootObject = 5D52DBDD1776C6BF008C4D65 /* Project object */;
}
